
Microsoft Visual Studio Solution File, Format Version 12.00
# Visual Studio Version 17
VisualStudioVersion = 17.12.35527.113 d17.12
MinimumVisualStudioVersion = 10.0.40219.1
Project("{FAE04EC0-301F-11D3-BF4B-00C04F79EFBC}") = "exercicio3", "exercicio3\exercicio3.csproj", "{1CCBC53A-D13F-431B-AA3E-CE1DEA101CC6}"
EndProject
Global
	GlobalSection(SolutionConfigurationPlatforms) = preSolution
		Debug|Any CPU = Debug|Any CPU
		Release|Any CPU = Release|Any CPU
	EndGlobalSection
	GlobalSection(ProjectConfigurationPlatforms) = postSolution
		{1CCBC53A-D13F-431B-AA3E-CE1DEA101CC6}.Debug|Any CPU.ActiveCfg = Debug|Any CPU
		{1CCBC53A-D13F-431B-AA3E-CE1DEA101CC6}.Debug|Any CPU.Build.0 = Debug|Any CPU
		{1CCBC53A-D13F-431B-AA3E-CE1DEA101CC6}.Release|Any CPU.ActiveCfg = Release|Any CPU
		{1CCBC53A-D13F-431B-AA3E-CE1DEA101CC6}.Release|Any CPU.Build.0 = Release|Any CPU
	EndGlobalSection
	GlobalSection(SolutionProperties) = preSolution
		HideSolutionNode = FALSE
	EndGlobalSection
EndGlobal
